
Microsoft Visual Studio Solution File, Format Version 12.00
# Visual Studio 15
VisualStudioVersion = 15.0.27428.2015
MinimumVisualStudioVersion = 10.0.40219.1
Project("{FAE04EC0-301F-11D3-BF4B-00C04F79EFBC}") = "Airport_REST_API", "Airport_REST_API\Airport_REST_API.csproj", "{A36D9630-9B41-4EC0-AFE7-E88D332B0FC5}"
EndProject
Project("{FAE04EC0-301F-11D3-BF4B-00C04F79EFBC}") = "Airport_REST_API.Services", "Airport_REST_API.Services\Airport_REST_API.Services.csproj", "{CFC2211A-7A39-4E59-A885-E15587B6B401}"
EndProject
Project("{FAE04EC0-301F-11D3-BF4B-00C04F79EFBC}") = "Airport_REST_API.DataAccess", "Airport_REST_API.DataAccess\Airport_REST_API.DataAccess.csproj", "{C0F3BEEC-19F0-48FC-A8A7-FB9874CB9AE2}"
EndProject
Project("{FAE04EC0-301F-11D3-BF4B-00C04F79EFBC}") = "Airport_REST_API.Shared", "Airport_REST_API.Shared\Airport_REST_API.Shared.csproj", "{44F24C1A-184F-47A8-8E54-A0701043CA9A}"
EndProject
Global
	GlobalSection(SolutionConfigurationPlatforms) = preSolution
		Debug|Any CPU = Debug|Any CPU
		Release|Any CPU = Release|Any CPU
	EndGlobalSection
	GlobalSection(ProjectConfigurationPlatforms) = postSolution
		{A36D9630-9B41-4EC0-AFE7-E88D332B0FC5}.Debug|Any CPU.ActiveCfg = Debug|Any CPU
		{A36D9630-9B41-4EC0-AFE7-E88D332B0FC5}.Debug|Any CPU.Build.0 = Debug|Any CPU
		{A36D9630-9B41-4EC0-AFE7-E88D332B0FC5}.Release|Any CPU.ActiveCfg = Release|Any CPU
		{A36D9630-9B41-4EC0-AFE7-E88D332B0FC5}.Release|Any CPU.Build.0 = Release|Any CPU
		{CFC2211A-7A39-4E59-A885-E15587B6B401}.Debug|Any CPU.ActiveCfg = Debug|Any CPU
		{CFC2211A-7A39-4E59-A885-E15587B6B401}.Debug|Any CPU.Build.0 = Debug|Any CPU
		{CFC2211A-7A39-4E59-A885-E15587B6B401}.Release|Any CPU.ActiveCfg = Release|Any CPU
		{CFC2211A-7A39-4E59-A885-E15587B6B401}.Release|Any CPU.Build.0 = Release|Any CPU
		{C0F3BEEC-19F0-48FC-A8A7-FB9874CB9AE2}.Debug|Any CPU.ActiveCfg = Debug|Any CPU
		{C0F3BEEC-19F0-48FC-A8A7-FB9874CB9AE2}.Debug|Any CPU.Build.0 = Debug|Any CPU
		{C0F3BEEC-19F0-48FC-A8A7-FB9874CB9AE2}.Release|Any CPU.ActiveCfg = Release|Any CPU
		{C0F3BEEC-19F0-48FC-A8A7-FB9874CB9AE2}.Release|Any CPU.Build.0 = Release|Any CPU
		{44F24C1A-184F-47A8-8E54-A0701043CA9A}.Debug|Any CPU.ActiveCfg = Debug|Any CPU
		{44F24C1A-184F-47A8-8E54-A0701043CA9A}.Debug|Any CPU.Build.0 = Debug|Any CPU
		{44F24C1A-184F-47A8-8E54-A0701043CA9A}.Release|Any CPU.ActiveCfg = Release|Any CPU
		{44F24C1A-184F-47A8-8E54-A0701043CA9A}.Release|Any CPU.Build.0 = Release|Any CPU
	EndGlobalSection
	GlobalSection(SolutionProperties) = preSolution
		HideSolutionNode = FALSE
	EndGlobalSection
	GlobalSection(ExtensibilityGlobals) = postSolution
		SolutionGuid = {8F2A218C-5D76-47CE-BA2A-282E3B49F11A}
	EndGlobalSection
EndGlobal
